
Microsoft Visual Studio Solution File, Format Version 12.00
# Visual Studio Version 17
VisualStudioVersion = 17.14.36401.2
MinimumVisualStudioVersion = 10.0.40219.1
Project("{FAE04EC0-301F-11D3-BF4B-00C04F79EFBC}") = "ReservationApiUygulamasi.UI", "ReservationApiUygulamasi.UI\ReservationApiUygulamasi.UI.csproj", "{4E5ADE99-D1D4-406A-84DC-011BADDC8A50}"
	ProjectSection(ProjectDependencies) = postProject
		{C87693A4-C556-4A6F-B608-699CFF27312C} = {C87693A4-C556-4A6F-B608-699CFF27312C}
	EndProjectSection
EndProject
Project("{FAE04EC0-301F-11D3-BF4B-00C04F79EFBC}") = "ReservationApiUygulamasi.BLL", "ReservationApiUygulamasi.BLL\ReservationApiUygulamasi.BLL.csproj", "{3B5399B9-096E-4512-A883-853DEC2CE7C0}"
EndProject
Project("{FAE04EC0-301F-11D3-BF4B-00C04F79EFBC}") = "ReservationApiUygulamasi.DAL", "ReservationApiUygulamasi.DAL\ReservationApiUygulamasi.DAL.csproj", "{10CAB1BD-B82D-4CCD-BF95-0D8A10703CCD}"
EndProject
Project("{FAE04EC0-301F-11D3-BF4B-00C04F79EFBC}") = "ReservationApiUygulamasi.WebApi", "ReservationApiUygulamasi.WebApi\ReservationApiUygulamasi.WebApi.csproj", "{35A4AA1A-0511-4653-B70C-32DEF569E050}"
EndProject
Project("{FAE04EC0-301F-11D3-BF4B-00C04F79EFBC}") = "ReservationApiUygulamasi.EL", "ReservationApiUygulamasi.EL\ReservationApiUygulamasi.EL.csproj", "{C87693A4-C556-4A6F-B608-699CFF27312C}"
EndProject
Global
	GlobalSection(SolutionConfigurationPlatforms) = preSolution
		Debug|Any CPU = Debug|Any CPU
		Release|Any CPU = Release|Any CPU
	EndGlobalSection
	GlobalSection(ProjectConfigurationPlatforms) = postSolution
		{4E5ADE99-D1D4-406A-84DC-011BADDC8A50}.Debug|Any CPU.ActiveCfg = Debug|Any CPU
		{4E5ADE99-D1D4-406A-84DC-011BADDC8A50}.Debug|Any CPU.Build.0 = Debug|Any CPU
		{4E5ADE99-D1D4-406A-84DC-011BADDC8A50}.Release|Any CPU.ActiveCfg = Release|Any CPU
		{4E5ADE99-D1D4-406A-84DC-011BADDC8A50}.Release|Any CPU.Build.0 = Release|Any CPU
		{3B5399B9-096E-4512-A883-853DEC2CE7C0}.Debug|Any CPU.ActiveCfg = Debug|Any CPU
		{3B5399B9-096E-4512-A883-853DEC2CE7C0}.Debug|Any CPU.Build.0 = Debug|Any CPU
		{3B5399B9-096E-4512-A883-853DEC2CE7C0}.Release|Any CPU.ActiveCfg = Release|Any CPU
		{3B5399B9-096E-4512-A883-853DEC2CE7C0}.Release|Any CPU.Build.0 = Release|Any CPU
		{10CAB1BD-B82D-4CCD-BF95-0D8A10703CCD}.Debug|Any CPU.ActiveCfg = Debug|Any CPU
		{10CAB1BD-B82D-4CCD-BF95-0D8A10703CCD}.Debug|Any CPU.Build.0 = Debug|Any CPU
		{10CAB1BD-B82D-4CCD-BF95-0D8A10703CCD}.Release|Any CPU.ActiveCfg = Release|Any CPU
		{10CAB1BD-B82D-4CCD-BF95-0D8A10703CCD}.Release|Any CPU.Build.0 = Release|Any CPU
		{35A4AA1A-0511-4653-B70C-32DEF569E050}.Debug|Any CPU.ActiveCfg = Debug|Any CPU
		{35A4AA1A-0511-4653-B70C-32DEF569E050}.Debug|Any CPU.Build.0 = Debug|Any CPU
		{35A4AA1A-0511-4653-B70C-32DEF569E050}.Release|Any CPU.ActiveCfg = Release|Any CPU
		{35A4AA1A-0511-4653-B70C-32DEF569E050}.Release|Any CPU.Build.0 = Release|Any CPU
		{C87693A4-C556-4A6F-B608-699CFF27312C}.Debug|Any CPU.ActiveCfg = Debug|Any CPU
		{C87693A4-C556-4A6F-B608-699CFF27312C}.Debug|Any CPU.Build.0 = Debug|Any CPU
		{C87693A4-C556-4A6F-B608-699CFF27312C}.Release|Any CPU.ActiveCfg = Release|Any CPU
		{C87693A4-C556-4A6F-B608-699CFF27312C}.Release|Any CPU.Build.0 = Release|Any CPU
	EndGlobalSection
	GlobalSection(SolutionProperties) = preSolution
		HideSolutionNode = FALSE
	EndGlobalSection
	GlobalSection(ExtensibilityGlobals) = postSolution
		SolutionGuid = {D143C3D5-B2A8-4B95-9C1B-204EC385D287}
	EndGlobalSection
EndGlobal
